
Microsoft Visual Studio Solution File, Format Version 12.00
# Visual Studio Version 17
VisualStudioVersion = 17.14.36603.0 d17.14
MinimumVisualStudioVersion = 10.0.40219.1
Project("{FAE04EC0-301F-11D3-BF4B-00C04F79EFBC}") = "OTBFlashCards", "OTBFlashCards\OTBFlashCards.csproj", "{C6FCCB1F-02B3-4418-957F-73D9EAB0F912}"
EndProject
Global
	GlobalSection(SolutionConfigurationPlatforms) = preSolution
		Debug|Any CPU = Debug|Any CPU
		Release|Any CPU = Release|Any CPU
	EndGlobalSection
	GlobalSection(ProjectConfigurationPlatforms) = postSolution
		{C6FCCB1F-02B3-4418-957F-73D9EAB0F912}.Debug|Any CPU.ActiveCfg = Debug|Any CPU
		{C6FCCB1F-02B3-4418-957F-73D9EAB0F912}.Debug|Any CPU.Build.0 = Debug|Any CPU
		{C6FCCB1F-02B3-4418-957F-73D9EAB0F912}.Release|Any CPU.ActiveCfg = Release|Any CPU
		{C6FCCB1F-02B3-4418-957F-73D9EAB0F912}.Release|Any CPU.Build.0 = Release|Any CPU
	EndGlobalSection
	GlobalSection(SolutionProperties) = preSolution
		HideSolutionNode = FALSE
	EndGlobalSection
	GlobalSection(ExtensibilityGlobals) = postSolution
		SolutionGuid = {481BA301-41AF-40F4-9FB1-BC8267CA185A}
	EndGlobalSection
EndGlobal
